
Microsoft Visual Studio Solution File, Format Version 12.00
# Visual Studio Version 17
VisualStudioVersion = 17.6.33815.320
MinimumVisualStudioVersion = 10.0.40219.1
Project("{FAE04EC0-301F-11D3-BF4B-00C04F79EFBC}") = "MyTextRPGApp2", "MyTextRPGApp2\MyTextRPGApp2.csproj", "{E6D9A4C5-C728-4DDD-882A-F79438B0F122}"
EndProject
Global
	GlobalSection(SolutionConfigurationPlatforms) = preSolution
		Debug|Any CPU = Debug|Any CPU
		Release|Any CPU = Release|Any CPU
	EndGlobalSection
	GlobalSection(ProjectConfigurationPlatforms) = postSolution
		{E6D9A4C5-C728-4DDD-882A-F79438B0F122}.Debug|Any CPU.ActiveCfg = Debug|Any CPU
		{E6D9A4C5-C728-4DDD-882A-F79438B0F122}.Debug|Any CPU.Build.0 = Debug|Any CPU
		{E6D9A4C5-C728-4DDD-882A-F79438B0F122}.Release|Any CPU.ActiveCfg = Release|Any CPU
		{E6D9A4C5-C728-4DDD-882A-F79438B0F122}.Release|Any CPU.Build.0 = Release|Any CPU
	EndGlobalSection
	GlobalSection(SolutionProperties) = preSolution
		HideSolutionNode = FALSE
	EndGlobalSection
	GlobalSection(ExtensibilityGlobals) = postSolution
		SolutionGuid = {6613A210-7ECD-4715-89CE-9C198E8D1063}
	EndGlobalSection
EndGlobal
